// !$*UTF8*$!
{
	archiveVersion = 1;
	classes = {
	};
	objectVersion = 46;
	objects = {

/* Begin PBXBuildFile section */
		10ED2FAC1B1F9126002AD2DD /* main.m in Sources */ = {isa = PBXBuildFile; fileRef = 10ED2FAB1B1F9126002AD2DD /* main.m */; };
		10ED2FAF1B1F9126002AD2DD /* AppDelegate.m in Sources */ = {isa = PBXBuildFile; fileRef = 10ED2FAE1B1F9126002AD2DD /* AppDelegate.m */; };
		10ED2FB21B1F9126002AD2DD /* ViewController.m in Sources */ = {isa = PBXBuildFile; fileRef = 10ED2FB11B1F9126002AD2DD /* ViewController.m */; };
		10ED2FB51B1F9126002AD2DD /* Main.storyboard in Resources */ = {isa = PBXBuildFile; fileRef = 10ED2FB31B1F9126002AD2DD /* Main.storyboard */; };
		10ED2FB71B1F9126002AD2DD /* Images.xcassets in Resources */ = {isa = PBXBuildFile; fileRef = 10ED2FB61B1F9126002AD2DD /* Images.xcassets */; };
		10ED2FBA1B1F9126002AD2DD /* LaunchScreen.xib in Resources */ = {isa = PBXBuildFile; fileRef = 10ED2FB81B1F9126002AD2DD /* LaunchScreen.xib */; };
		10ED2FC61B1F9126002AD2DD /* CreateModelTests.m in Sources */ = {isa = PBXBuildFile; fileRef = 10ED2FC51B1F9126002AD2DD /* CreateModelTests.m */; };
/* End PBXBuildFile section */

/* Begin PBXContainerItemProxy section */
		10ED2FC01B1F9126002AD2DD /* PBXContainerItemProxy */ = {
			isa = PBXContainerItemProxy;
			containerPortal = 10ED2F9E1B1F9126002AD2DD /* Project object */;
			proxyType = 1;
			remoteGlobalIDString = 10ED2FA51B1F9126002AD2DD;
			remoteInfo = CreateModel;
		};
/* End PBXContainerItemProxy section */

/* Begin PBXFileReference section */
		10ED2FA61B1F9126002AD2DD /* CreateModel.app */ = {isa = PBXFileReference; explicitFileType = wrapper.application; includeInIndex = 0; path = CreateModel.app; sourceTree = BUILT_PRODUCTS_DIR; };
		10ED2FAA1B1F9126002AD2DD /* Info.plist */ = {isa = PBXFileReference; lastKnownFileType = text.plist.xml; path = Info.plist; sourceTree = "<group>"; };
		10ED2FAB1B1F9126002AD2DD /* main.m */ = {isa = PBXFileReference; lastKnownFileType = sourcecode.c.objc; path = main.m; sourceTree = "<group>"; };
		10ED2FAD1B1F9126002AD2DD /* AppDelegate.h */ = {isa = PBXFileReference; lastKnownFileType = sourcecode.c.h; path = AppDelegate.h; sourceTree = "<group>"; };
		10ED2FAE1B1F9126002AD2DD /* AppDelegate.m */ = {isa = PBXFileReference; lastKnownFileType = sourcecode.c.objc; path = AppDelegate.m; sourceTree = "<group>"; };
		10ED2FB01B1F9126002AD2DD /* ViewController.h */ = {isa = PBXFileReference; lastKnownFileType = sourcecode.c.h; path = ViewController.h; sourceTree = "<group>"; };
		10ED2FB11B1F9126002AD2DD /* ViewController.m */ = {isa = PBXFileReference; lastKnownFileType = sourcecode.c.objc; path = ViewController.m; sourceTree = "<group>"; };
		10ED2FB41B1F9126002AD2DD /* Base */ = {isa = PBXFileReference; lastKnownFileType = file.storyboard; name = Base; path = Base.lproj/Main.storyboard; sourceTree = "<group>"; };
		10ED2FB61B1F9126002AD2DD /* Images.xcassets */ = {isa = PBXFileReference; lastKnownFileType = folder.assetcatalog; path = Images.xcassets; sourceTree = "<group>"; };
		10ED2FB91B1F9126002AD2DD /* Base */ = {isa = PBXFileReference; lastKnownFileType = file.xib; name = Base; path = Base.lproj/LaunchScreen.xib; sourceTree = "<group>"; };
		10ED2FBF1B1F9126002AD2DD /* CreateModelTests.xctest */ = {isa = PBXFileReference; explicitFileType = wrapper.cfbundle; includeInIndex = 0; path = CreateModelTests.xctest; sourceTree = BUILT_PRODUCTS_DIR; };
		10ED2FC41B1F9126002AD2DD /* Info.plist */ = {isa = PBXFileReference; lastKnownFileType = text.plist.xml; path = Info.plist; sourceTree = "<group>"; };
		10ED2FC51B1F9126002AD2DD /* CreateModelTests.m */ = {isa = PBXFileReference; lastKnownFileType = sourcecode.c.objc; path = CreateModelTests.m; sourceTree = "<group>"; };
/* End PBXFileReference section */

/* Begin PBXFrameworksBuildPhase section */
		10ED2FA31B1F9126002AD2DD /* Frameworks */ = {
			isa = PBXFrameworksBuildPhase;
			buildActionMask = 2147483647;
			files = (
			);
			runOnlyForDeploymentPostprocessing = 0;
		};
		10ED2FBC1B1F9126002AD2DD /* Frameworks */ = {
			isa = PBXFrameworksBuildPhase;
			buildActionMask = 2147483647;
			files = (
			);
			runOnlyForDeploymentPostprocessing = 0;
		};
/* End PBXFrameworksBuildPhase section */

/* Begin PBXGroup section */
		10ED2F9D1B1F9126002AD2DD = {
			isa = PBXGroup;
			children = (
				10ED2FA81B1F9126002AD2DD /* CreateModel */,
				10ED2FC21B1F9126002AD2DD /* CreateModelTests */,
				10ED2FA71B1F9126002AD2DD /* Products */,
			);
			sourceTree = "<group>";
		};
		10ED2FA71B1F9126002AD2DD /* Products */ = {
			isa = PBXGroup;
			children = (
				10ED2FA61B1F9126002AD2DD /* CreateModel.app */,
				10ED2FBF1B1F9126002AD2DD /* CreateModelTests.xctest */,
			);
			name = Products;
			sourceTree = "<group>";
		};
		10ED2FA81B1F9126002AD2DD /* CreateModel */ = {
			isa = PBXGroup;
			children = (
				10ED2FAD1B1F9126002AD2DD /* AppDelegate.h */,
				10ED2FAE1B1F9126002AD2DD /* AppDelegate.m */,
				10ED2FB01B1F9126002AD2DD /* ViewController.h */,
				10ED2FB11B1F9126002AD2DD /* ViewController.m */,
				10ED2FB31B1F9126002AD2DD /* Main.storyboard */,
				10ED2FB61B1F9126002AD2DD /* Images.xcassets */,
				10ED2FB81B1F9126002AD2DD /* LaunchScreen.xib */,
				10ED2FA91B1F9126002AD2DD /* Supporting Files */,
			);
			path = CreateModel;
			sourceTree = "<group>";
		};
		10ED2FA91B1F9126002AD2DD /* Supporting Files */ = {
			isa = PBXGroup;
			children = (
				10ED2FAA1B1F9126002AD2DD /* Info.plist */,
				10ED2FAB1B1F9126002AD2DD /* main.m */,
			);
			name = "Supporting Files";
			sourceTree = "<group>";
		};
		10ED2FC21B1F9126002AD2DD /* CreateModelTests */ = {
			isa = PBXGroup;
			children = (
				10ED2FC51B1F9126002AD2DD /* CreateModelTests.m */,
				10ED2FC31B1F9126002AD2DD /* Supporting Files */,
			);
			path = CreateModelTests;
			sourceTree = "<group>";
		};
		10ED2FC31B1F9126002AD2DD /* Supporting Files */ = {
			isa = PBXGroup;
			children = (
				10ED2FC41B1F9126002AD2DD /* Info.plist */,
			);
			name = "Supporting Files";
			sourceTree = "<group>";
		};
/* End PBXGroup section */

/* Begin PBXNativeTarget section */
		10ED2FA51B1F9126002AD2DD /* CreateModel */ = {
			isa = PBXNativeTarget;
			buildConfigurationList = 10ED2FC91B1F9126002AD2DD /* Build configuration list for PBXNativeTarget "CreateModel" */;
			buildPhases = (
				10ED2FA21B1F9126002AD2DD /* Sources */,
				10ED2FA31B1F9126002AD2DD /* Frameworks */,
				10ED2FA41B1F9126002AD2DD /* Resources */,
			);
			buildRules = (
			);
			dependencies = (
			);
			name = CreateModel;
			productName = CreateModel;
			productReference = 10ED2FA61B1F9126002AD2DD /* CreateModel.app */;
			productType = "com.apple.product-type.application";
		};
		10ED2FBE1B1F9126002AD2DD /* CreateModelTests */ = {
			isa = PBXNativeTarget;
			buildConfigurationList = 10ED2FCC1B1F9126002AD2DD /* Build configuration list for PBXNativeTarget "CreateModelTests" */;
			buildPhases = (
				10ED2FBB1B1F9126002AD2DD /* Sources */,
				10ED2FBC1B1F9126002AD2DD /* Frameworks */,
				10ED2FBD1B1F9126002AD2DD /* Resources */,
			);
			buildRules = (
			);
			dependencies = (
				10ED2FC11B1F9126002AD2DD /* PBXTargetDependency */,
			);
			name = CreateModelTests;
			productName = CreateModelTests;
			productReference = 10ED2FBF1B1F9126002AD2DD /* CreateModelTests.xctest */;
			productType = "com.apple.product-type.bundle.unit-test";
		};
/* End PBXNativeTarget section */

/* Begin PBXProject section */
		10ED2F9E1B1F9126002AD2DD /* Project object */ = {
			isa = PBXProject;
			attributes = {
				LastUpgradeCheck = 0630;
				ORGANIZATIONNAME = YouXianMing;
				TargetAttributes = {
					10ED2FA51B1F9126002AD2DD = {
						CreatedOnToolsVersion = 6.3;
					};
					10ED2FBE1B1F9126002AD2DD = {
						CreatedOnToolsVersion = 6.3;
						TestTargetID = 10ED2FA51B1F9126002AD2DD;
					};
				};
			};
			buildConfigurationList = 10ED2FA11B1F9126002AD2DD /* Build configuration list for PBXProject "CreateModel" */;
			compatibilityVersion = "Xcode 3.2";
			developmentRegion = English;
			hasScannedForEncodings = 0;
			knownRegions = (
				en,
				Base,
			);
			mainGroup = 10ED2F9D1B1F9126002AD2DD;
			productRefGroup = 10ED2FA71B1F9126002AD2DD /* Products */;
			projectDirPath = "";
			projectRoot = "";
			targets = (
				10ED2FA51B1F9126002AD2DD /* CreateModel */,
				10ED2FBE1B1F9126002AD2DD /* CreateModelTests */,
			);
		};
/* End PBXProject section */

/* Begin PBXResourcesBuildPhase section */
		10ED2FA41B1F9126002AD2DD /* Resources */ = {
			isa = PBXResourcesBuildPhase;
			buildActionMask = 2147483647;
			files = (
				10ED2FB51B1F9126002AD2DD /* Main.storyboard in Resources */,
				10ED2FBA1B1F9126002AD2DD /* LaunchScreen.xib in Resources */,
				10ED2FB71B1F9126002AD2DD /* Images.xcassets in Resources */,
			);
			runOnlyForDeploymentPostprocessing = 0;
		};
		10ED2FBD1B1F9126002AD2DD /* Resources */ = {
			isa = PBXResourcesBuildPhase;
			buildActionMask = 2147483647;
			files = (
			);
			runOnlyForDeploymentPostprocessing = 0;
		};
/* End PBXResourcesBuildPhase section */

/* Begin PBXSourcesBuildPhase section */
		10ED2FA21B1F9126002AD2DD /* Sources */ = {
			isa = PBXSourcesBuildPhase;
			buildActionMask = 2147483647;
			files = (
				10ED2FB21B1F9126002AD2DD /* ViewController.m in Sources */,
				10ED2FAF1B1F9126002AD2DD /* AppDelegate.m in Sources */,
				10ED2FAC1B1F9126002AD2DD /* main.m in Sources */,
			);
			runOnlyForDeploymentPostprocessing = 0;
		};
		10ED2FBB1B1F9126002AD2DD /* Sources */ = {
			isa = PBXSourcesBuildPhase;
			buildActionMask = 2147483647;
			files = (
				10ED2FC61B1F9126002AD2DD /* CreateModelTests.m in Sources */,
			);
			runOnlyForDeploymentPostprocessing = 0;
		};
/* End PBXSourcesBuildPhase section */

/* Begin PBXTargetDependency section */
		10ED2FC11B1F9126002AD2DD /* PBXTargetDependency */ = {
			isa = PBXTargetDependency;
			target = 10ED2FA51B1F9126002AD2DD /* CreateModel */;
			targetProxy = 10ED2FC01B1F9126002AD2DD /* PBXContainerItemProxy */;
		};
/* End PBXTargetDependency section */

/* Begin PBXVariantGroup section */
		10ED2FB31B1F9126002AD2DD /* Main.storyboard */ = {
			isa = PBXVariantGroup;
			children = (
				10ED2FB41B1F9126002AD2DD /* Base */,
			);
			name = Main.storyboard;
			sourceTree = "<group>";
		};
		10ED2FB81B1F9126002AD2DD /* LaunchScreen.xib */ = {
			isa = PBXVariantGroup;
			children = (
				10ED2FB91B1F9126002AD2DD /* Base */,
			);
			name = LaunchScreen.xib;
			sourceTree = "<group>";
		};
/* End PBXVariantGroup section */

/* Begin XCBuildConfiguration section */
		10ED2FC71B1F9126002AD2DD /* Debug */ = {
			isa = XCBuildConfiguration;
			buildSettings = {
				ALWAYS_SEARCH_USER_PATHS = NO;
				CLANG_CXX_LANGUAGE_STANDARD = "gnu++0x";
				CLANG_CXX_LIBRARY = "libc++";
				CLANG_ENABLE_MODULES = YES;
				CLANG_ENABLE_OBJC_ARC = YES;
				CLANG_WARN_BOOL_CONVERSION = YES;
				CLANG_WARN_CONSTANT_CONVERSION = YES;
				CLANG_WARN_DIRECT_OBJC_ISA_USAGE = YES_ERROR;
				CLANG_WARN_EMPTY_BODY = YES;
				CLANG_WARN_ENUM_CONVERSION = YES;
				CLANG_WARN_INT_CONVERSION = YES;
				CLANG_WARN_OBJC_ROOT_CLASS = YES_ERROR;
				CLANG_WARN_UNREACHABLE_CODE = YES;
				CLANG_WARN__DUPLICATE_METHOD_MATCH = YES;
				"CODE_SIGN_IDENTITY[sdk=iphoneos*]" = "iPhone Developer";
				COPY_PHASE_STRIP = NO;
				DEBUG_INFORMATION_FORMAT = "dwarf-with-dsym";
				ENABLE_STRICT_OBJC_MSGSEND = YES;
				GCC_C_LANGUAGE_STANDARD = gnu99;
				GCC_DYNAMIC_NO_PIC = NO;
				GCC_NO_COMMON_BLOCKS = YES;
				GCC_OPTIMIZATION_LEVEL = 0;
				GCC_PREPROCESSOR_DEFINITIONS = (
					"DEBUG=1",
					"$(inherited)",
				);
				GCC_SYMBOLS_PRIVATE_EXTERN = NO;
				GCC_WARN_64_TO_32_BIT_CONVERSION = YES;
				GCC_WARN_ABOUT_RETURN_TYPE = YES_ERROR;
				GCC_WARN_UNDECLARED_SELECTOR = YES;
				GCC_WARN_UNINITIALIZED_AUTOS = YES_AGGRESSIVE;
				GCC_WARN_UNUSED_FUNCTION = YES;
				GCC_WARN_UNUSED_VARIABLE = YES;
				IPHONEOS_DEPLOYMENT_TARGET = 8.3;
				MTL_ENABLE_DEBUG_INFO = YES;
				ONLY_ACTIVE_ARCH = YES;
				SDKROOT = iphoneos;
				TARGETED_DEVICE_FAMILY = "1,2";
			};
			name = Debug;
		};
		10ED2FC81B1F9126002AD2DD /* Release */ = {
			isa = XCBuildConfiguration;
			buildSettings = {
				ALWAYS_SEARCH_USER_PATHS = NO;
				CLANG_CXX_LANGUAGE_STANDARD = "gnu++0x";
				CLANG_CXX_LIBRARY = "libc++";
				CLANG_ENABLE_MODULES = YES;
				CLANG_ENABLE_OBJC_ARC = YES;
				CLANG_WARN_BOOL_CONVERSION = YES;
				CLANG_WARN_CONSTANT_CONVERSION = YES;
				CLANG_WARN_DIRECT_OBJC_ISA_USAGE = YES_ERROR;
				CLANG_WARN_EMPTY_BODY = YES;
				CLANG_WARN_ENUM_CONVERSION = YES;
				CLANG_WARN_INT_CONVERSION = YES;
				CLANG_WARN_OBJC_ROOT_CLASS = YES_ERROR;
				CLANG_WARN_UNREACHABLE_CODE = YES;
				CLANG_WARN__DUPLICATE_METHOD_MATCH = YES;
				"CODE_SIGN_IDENTITY[sdk=iphoneos*]" = "iPhone Developer";
				COPY_PHASE_STRIP = NO;
				DEBUG_INFORMATION_FORMAT = "dwarf-with-dsym";
				ENABLE_NS_ASSERTIONS = NO;
				ENABLE_STRICT_OBJC_MSGSEND = YES;
				GCC_C_LANGUAGE_STANDARD = gnu99;
				GCC_NO_COMMON_BLOCKS = YES;
				GCC_WARN_64_TO_32_BIT_CONVERSION = YES;
				GCC_WARN_ABOUT_RETURN_TYPE = YES_ERROR;
				GCC_WARN_UNDECLARED_SELECTOR = YES;
				GCC_WARN_UNINITIALIZED_AUTOS = YES_AGGRESSIVE;
				GCC_WARN_UNUSED_FUNCTION = YES;
				GCC_WARN_UNUSED_VARIABLE = YES;
				IPHONEOS_DEPLOYMENT_TARGET = 8.3;
				MTL_ENABLE_DEBUG_INFO = NO;
				SDKROOT = iphoneos;
				TARGETED_DEVICE_FAMILY = "1,2";
				VALIDATE_PRODUCT = YES;
			};
			name = Release;
		};
		10ED2FCA1B1F9126002AD2DD /* Debug */ = {
			isa = XCBuildConfiguration;
			buildSettings = {
				ASSETCATALOG_COMPILER_APPICON_NAME = AppIcon;
				INFOPLIST_FILE = CreateModel/Info.plist;
				LD_RUNPATH_SEARCH_PATHS = "$(inherited) @executable_path/Frameworks";
				PRODUCT_NAME = "$(TARGET_NAME)";
			};
			name = Debug;
		};
		10ED2FCB1B1F9126002AD2DD /* Release */ = {
			isa = XCBuildConfiguration;
			buildSettings = {
				ASSETCATALOG_COMPILER_APPICON_NAME = AppIcon;
				INFOPLIST_FILE = CreateModel/Info.plist;
				LD_RUNPATH_SEARCH_PATHS = "$(inherited) @executable_path/Frameworks";
				PRODUCT_NAME = "$(TARGET_NAME)";
			};
			name = Release;
		};
		10ED2FCD1B1F9126002AD2DD /* Debug */ = {
			isa = XCBuildConfiguration;
			buildSettings = {
				BUNDLE_LOADER = "$(TEST_HOST)";
				FRAMEWORK_SEARCH_PATHS = (
					"$(SDKROOT)/Developer/Library/Frameworks",
					"$(inherited)",
				);
				GCC_PREPROCESSOR_DEFINITIONS = (
					"DEBUG=1",
					"$(inherited)",
				);
				INFOPLIST_FILE = CreateModelTests/Info.plist;
				LD_RUNPATH_SEARCH_PATHS = "$(inherited) @executable_path/Frameworks @loader_path/Frameworks";
				PRODUCT_NAME = "$(TARGET_NAME)";
				TEST_HOST = "$(BUILT_PRODUCTS_DIR)/CreateModel.app/CreateModel";
			};
			name = Debug;
		};
		10ED2FCE1B1F9126002AD2DD /* Release */ = {
			isa = XCBuildConfiguration;
			buildSettings = {
				BUNDLE_LOADER = "$(TEST_HOST)";
				FRAMEWORK_SEARCH_PATHS = (
					"$(SDKROOT)/Developer/Library/Frameworks",
					"$(inherited)",
				);
				INFOPLIST_FILE = CreateModelTests/Info.plist;
				LD_RUNPATH_SEARCH_PATHS = "$(inherited) @executable_path/Frameworks @loader_path/Frameworks";
				PRODUCT_NAME = "$(TARGET_NAME)";
				TEST_HOST = "$(BUILT_PRODUCTS_DIR)/CreateModel.app/CreateModel";
			};
			name = Release;
		};
/* End XCBuildConfiguration section */

/* Begin XCConfigurationList section */
		10ED2FA11B1F9126002AD2DD /* Build configuration list for PBXProject "CreateModel" */ = {
			isa = XCConfigurationList;
			buildConfigurations = (
				10ED2FC71B1F9126002AD2DD /* Debug */,
				10ED2FC81B1F9126002AD2DD /* Release */,
			);
			defaultConfigurationIsVisible = 0;
			defaultConfigurationName = Release;
		};
		10ED2FC91B1F9126002AD2DD /* Build configuration list for PBXNativeTarget "CreateModel" */ = {
			isa = XCConfigurationList;
			buildConfigurations = (
				10ED2FCA1B1F9126002AD2DD /* Debug */,
				10ED2FCB1B1F9126002AD2DD /* Release */,
			);
			defaultConfigurationIsVisible = 0;
		};
		10ED2FCC1B1F9126002AD2DD /* Build configuration list for PBXNativeTarget "CreateModelTests" */ = {
			isa = XCConfigurationList;
			buildConfigurations = (
				10ED2FCD1B1F9126002AD2DD /* Debug */,
				10ED2FCE1B1F9126002AD2DD /* Release */,
			);
			defaultConfigurationIsVisible = 0;
		};
/* End XCConfigurationList section */
	};
	rootObject = 10ED2F9E1B1F9126002AD2DD /* Project object */;
}
